Microsoft Visual Studio Solution File, Format Version 12.00
# Visual Studio 2013
VisualStudioVersion = 12.0.30723.0
MinimumVisualStudioVersion = 10.0.40219.1
Project("{8BC9CEB8-8B4A-11D0-8D11-00A0C91BC942}") = "Splines", "splines\Splines.vcxproj", "{B6842D42-FBA7-4494-A393-802CA7E94351}"
EndProject
Project("{8BC9CEB8-8B4A-11D0-8D11-00A0C91BC942}") = "botlib", "botlib\botlib.vcxproj", "{4E5F4E34-0E6A-4200-916F-D33805505B54}"
EndProject
Project("{8BC9CEB8-8B4A-11D0-8D11-00A0C91BC942}") = "cgame", "cgame\cgame.vcxproj", "{A16F9DCF-7F32-43AB-A044-74B7C660FC9B}"
EndProject
Project("{8BC9CEB8-8B4A-11D0-8D11-00A0C91BC942}") = "extractfuncs", "extractfuncs\extractfuncs.vcxproj", "{E7BAACA8-3530-402D-9C27-947A36926100}"
EndProject
Project("{8BC9CEB8-8B4A-11D0-8D11-00A0C91BC942}") = "game", "game\game.vcxproj", "{47A33A98-87A5-4071-8608-3E6BC9EEC29E}"
EndProject
Project("{8BC9CEB8-8B4A-11D0-8D11-00A0C91BC942}") = "renderer", "renderer\renderer.vcxproj", "{544C7EF5-2A74-4206-8B74-24D4FAD83048}"
EndProject
Project("{8BC9CEB8-8B4A-11D0-8D11-00A0C91BC942}") = "ui", "ui\ui.vcxproj", "{64DCBC13-78A6-43E9-931D-B63FBB0421C7}"
EndProject
Project("{8BC9CEB8-8B4A-11D0-8D11-00A0C91BC942}") = "wolf", "wolf.vcxproj", "{3ACD01D0-DCF1-46A5-A477-7E8524032A02}"
	ProjectSection(ProjectDependencies) = postProject
		{87EE9DA4-DE1E-4448-8324-183C98DCA588} = {87EE9DA4-DE1E-4448-8324-183C98DCA588}
	EndProjectSection
EndProject
Project("{8BC9CEB8-8B4A-11D0-8D11-00A0C91BC942}") = "libcurl", "curl-7.29.0\lib\curl.vcxproj", "{87EE9DA4-DE1E-4448-8324-183C98DCA588}"
EndProject
Project("{2150E333-8FDC-42A3-9474-1A3956D46DE8}") = "Ext", "Ext", "{FCEB279E-F604-469A-BEB5-B094F006EBB9}"
EndProject
Project("{2150E333-8FDC-42A3-9474-1A3956D46DE8}") = "Logic", "Logic", "{0FAEBA59-61D9-420E-95BC-C423FA14D764}"
EndProject
Project("{2150E333-8FDC-42A3-9474-1A3956D46DE8}") = "Engine", "Engine", "{56F6BA89-D703-4F44-BDD8-F8482791C742}"
EndProject
Project("{2150E333-8FDC-42A3-9474-1A3956D46DE8}") = "Media", "Media", "{9A34C753-8071-4BCB-B524-E2A0E9038F45}"
EndProject
Project("{2150E333-8FDC-42A3-9474-1A3956D46DE8}") = "Main", "Main", "{5E488D39-AEBB-45FE-9B25-63E9DA28B19A}"
	ProjectSection(SolutionItems) = preProject
		..\MAIN\UI\auto_update.menu = ..\MAIN\UI\auto_update.menu
		..\MAIN\UI\connect.menu = ..\MAIN\UI\connect.menu
		..\MAIN\UI\controls.menu = ..\MAIN\UI\controls.menu
		..\MAIN\UI\createfavorite.menu = ..\MAIN\UI\createfavorite.menu
		..\MAIN\UI\createserver.menu = ..\MAIN\UI\createserver.menu
		..\MAIN\UI\credit.menu = ..\MAIN\UI\credit.menu
		..\MAIN\UI\default.menu = ..\MAIN\UI\default.menu
		..\MAIN\UI\error.menu = ..\MAIN\UI\error.menu
		..\MAIN\UI\filter.menu = ..\MAIN\UI\filter.menu
		..\MAIN\UI\hud.menu = ..\MAIN\UI\hud.menu
		..\MAIN\UI\hud.txt = ..\MAIN\UI\hud.txt
		..\MAIN\UI\in_rec_restart.menu = ..\MAIN\UI\in_rec_restart.menu
		..\MAIN\UI\ingame.menu = ..\MAIN\UI\ingame.menu
		..\MAIN\UI\ingame.txt = ..\MAIN\UI\ingame.txt
		..\MAIN\UI\ingame_callvote.menu = ..\MAIN\UI\ingame_callvote.menu
		..\MAIN\UI\ingame_controls.menu = ..\MAIN\UI\ingame_controls.menu
		..\MAIN\UI\ingame_leave.menu = ..\MAIN\UI\ingame_leave.menu
		..\MAIN\UI\ingame_options.menu = ..\MAIN\UI\ingame_options.menu
		..\MAIN\UI\ingame_system.menu = ..\MAIN\UI\ingame_system.menu
		..\MAIN\UI\joinserver.menu = ..\MAIN\UI\joinserver.menu
		..\MAIN\UI\macros.h = ..\MAIN\UI\macros.h
		..\MAIN\UI\main.menu = ..\MAIN\UI\main.menu
		..\MAIN\UI\menudef.h = ..\MAIN\UI\menudef.h
		..\MAIN\UI\menus.txt = ..\MAIN\UI\menus.txt
		..\MAIN\UI\mods.menu = ..\MAIN\UI\mods.menu
		..\MAIN\UI\multi.menu = ..\MAIN\UI\multi.menu
		..\MAIN\UI\multi_setup.menu = ..\MAIN\UI\multi_setup.menu
		..\MAIN\UI\nerve_credit.txt = ..\MAIN\UI\nerve_credit.txt
		..\MAIN\UI\options.menu = ..\MAIN\UI\options.menu
		..\MAIN\UI\password.menu = ..\MAIN\UI\password.menu
		..\MAIN\UI\quit.menu = ..\MAIN\UI\quit.menu
		..\MAIN\UI\quitcredit.menu = ..\MAIN\UI\quitcredit.menu
		..\MAIN\UI\rec_restart.menu = ..\MAIN\UI\rec_restart.menu
		..\MAIN\UI\serverinfo.menu = ..\MAIN\UI\serverinfo.menu
		..\MAIN\UI\setup.menu = ..\MAIN\UI\setup.menu
		..\MAIN\UI\system.menu = ..\MAIN\UI\system.menu
		..\MAIN\UI\urls.menu = ..\MAIN\UI\urls.menu
		..\MAIN\UI\vid_restart.menu = ..\MAIN\UI\vid_restart.menu
		..\MAIN\UI\wm_limbo.menu = ..\MAIN\UI\wm_limbo.menu
		..\MAIN\UI\wm_pickplayer.menu = ..\MAIN\UI\wm_pickplayer.menu
		..\MAIN\UI\wm_pickteam.menu = ..\MAIN\UI\wm_pickteam.menu
		..\MAIN\UI\wm_quickmessage.menu = ..\MAIN\UI\wm_quickmessage.menu
		..\MAIN\UI\wm_quickmessageAlt.menu = ..\MAIN\UI\wm_quickmessageAlt.menu
	EndProjectSection
EndProject
Project("{2150E333-8FDC-42A3-9474-1A3956D46DE8}") = "Projects", "Projects", "{6C1ADBE3-A275-4248-9F9C-CCCF55DB5E94}"
EndProject
Project("{8BC9CEB8-8B4A-11D0-8D11-00A0C91BC942}") = "game", "..\..\xMod\project\VS2012\game.vcxproj", "{6CDB0C19-966D-4F5A-807C-4B740129D470}"
EndProject
Project("{2150E333-8FDC-42A3-9474-1A3956D46DE8}") = "xMod", "xMod", "{5FF30B96-C2B1-49E8-BAEB-F4873C524A23}"
EndProject
Project("{2150E333-8FDC-42A3-9474-1A3956D46DE8}") = "rtcwPub", "rtcwPub", "{36161361-6561-49D1-A303-8F0D87A23137}"
EndProject
Project("{8BC9CEB8-8B4A-11D0-8D11-00A0C91BC942}") = "game", "..\..\rtcwPub\trunk\win\VS13\game\game.vcxproj", "{75679567-2347-2877-DD0E-5D10DBB2B49A}"
EndProject
Project("{2150E333-8FDC-42A3-9474-1A3956D46DE8}") = "OSPx", "OSPx", "{8BFDD3EA-42CE-4DCD-80C1-0FA453640064}"
EndProject
Project("{8BC9CEB8-8B4A-11D0-8D11-00A0C91BC942}") = "cgame", "..\..\OSPx\src\cgame\cgame.vcxproj", "{8B957133-FCC4-41D4-853B-3D452EB6F680}"
EndProject
Project("{8BC9CEB8-8B4A-11D0-8D11-00A0C91BC942}") = "game", "..\..\OSPx\src\game\game.vcxproj", "{BFEFBF66-3F7B-425D-910D-77E97FE9D195}"
EndProject
Project("{8BC9CEB8-8B4A-11D0-8D11-00A0C91BC942}") = "ui", "..\..\OSPx\src\ui\ui.vcxproj", "{83C8546F-EE2F-49FD-8270-F9773C2F306B}"
EndProject
Project("{2150E333-8FDC-42A3-9474-1A3956D46DE8}") = "Master Server SQL", "Master Server SQL", "{65C653A8-BFF9-4861-8325-8FCCCFBE6803}"
EndProject
Project("{8BC9CEB8-8B4A-11D0-8D11-00A0C91BC942}") = "master_server", "..\..\MasterServer-sql\src\dpmaster.vcxproj", "{51766DAA-98EF-4190-83A1-0A293D36BE93}"
EndProject
Project("{2150E333-8FDC-42A3-9474-1A3956D46DE8}") = "xMod TE", "xMod TE", "{A78EACAD-47AF-4D07-A321-B0EEAFD30D20}"
EndProject
Project("{8BC9CEB8-8B4A-11D0-8D11-00A0C91BC942}") = "game", "..\..\xMod_TE\project\VS2012\game.vcxproj", "{A2036906-559B-4B99-9379-655B023FFB40}"
EndProject
Global
	GlobalSection(SolutionConfigurationPlatforms) = preSolution
		Debug Dedicated|Win32 = Debug Dedicated|Win32
		Debug|Win32 = Debug|Win32
		Omnibot-Debug|Win32 = Omnibot-Debug|Win32
		Omnibot-Release|Win32 = Omnibot-Release|Win32
		Release Dedicated|Win32 = Release Dedicated|Win32
		Release|Win32 = Release|Win32
	EndGlobalSection
	GlobalSection(ProjectConfigurationPlatforms) = postSolution
		{B6842D42-FBA7-4494-A393-802CA7E94351}.Debug Dedicated|Win32.ActiveCfg = Debug|Win32
		{B6842D42-FBA7-4494-A393-802CA7E94351}.Debug Dedicated|Win32.Build.0 = Debug|Win32
		{B6842D42-FBA7-4494-A393-802CA7E94351}.Debug|Win32.ActiveCfg = Debug|Win32
		{B6842D42-FBA7-4494-A393-802CA7E94351}.Debug|Win32.Build.0 = Debug|Win32
		{B6842D42-FBA7-4494-A393-802CA7E94351}.Omnibot-Debug|Win32.ActiveCfg = Debug|Win32
		{B6842D42-FBA7-4494-A393-802CA7E94351}.Omnibot-Debug|Win32.Build.0 = Debug|Win32
		{B6842D42-FBA7-4494-A393-802CA7E94351}.Omnibot-Release|Win32.ActiveCfg = Release|Win32
		{B6842D42-FBA7-4494-A393-802CA7E94351}.Omnibot-Release|Win32.Build.0 = Release|Win32
		{B6842D42-FBA7-4494-A393-802CA7E94351}.Release Dedicated|Win32.ActiveCfg = Release|Win32
		{B6842D42-FBA7-4494-A393-802CA7E94351}.Release Dedicated|Win32.Build.0 = Release|Win32
		{B6842D42-FBA7-4494-A393-802CA7E94351}.Release|Win32.ActiveCfg = Release|Win32
		{B6842D42-FBA7-4494-A393-802CA7E94351}.Release|Win32.Build.0 = Release|Win32
		{4E5F4E34-0E6A-4200-916F-D33805505B54}.Debug Dedicated|Win32.ActiveCfg = Debug|Win32
		{4E5F4E34-0E6A-4200-916F-D33805505B54}.Debug Dedicated|Win32.Build.0 = Debug|Win32
		{4E5F4E34-0E6A-4200-916F-D33805505B54}.Debug|Win32.ActiveCfg = Debug|Win32
		{4E5F4E34-0E6A-4200-916F-D33805505B54}.Debug|Win32.Build.0 = Debug|Win32
		{4E5F4E34-0E6A-4200-916F-D33805505B54}.Omnibot-Debug|Win32.ActiveCfg = Debug|Win32
		{4E5F4E34-0E6A-4200-916F-D33805505B54}.Omnibot-Debug|Win32.Build.0 = Debug|Win32
		{4E5F4E34-0E6A-4200-916F-D33805505B54}.Omnibot-Release|Win32.ActiveCfg = Release|Win32
		{4E5F4E34-0E6A-4200-916F-D33805505B54}.Omnibot-Release|Win32.Build.0 = Release|Win32
		{4E5F4E34-0E6A-4200-916F-D33805505B54}.Release Dedicated|Win32.ActiveCfg = Release|Win32
		{4E5F4E34-0E6A-4200-916F-D33805505B54}.Release Dedicated|Win32.Build.0 = Release|Win32
		{4E5F4E34-0E6A-4200-916F-D33805505B54}.Release|Win32.ActiveCfg = Release|Win32
		{4E5F4E34-0E6A-4200-916F-D33805505B54}.Release|Win32.Build.0 = Release|Win32
		{A16F9DCF-7F32-43AB-A044-74B7C660FC9B}.Debug Dedicated|Win32.ActiveCfg = Debug|Win32
		{A16F9DCF-7F32-43AB-A044-74B7C660FC9B}.Debug Dedicated|Win32.Build.0 = Debug|Win32
		{A16F9DCF-7F32-43AB-A044-74B7C660FC9B}.Debug|Win32.ActiveCfg = Debug|Win32
		{A16F9DCF-7F32-43AB-A044-74B7C660FC9B}.Debug|Win32.Build.0 = Debug|Win32
		{A16F9DCF-7F32-43AB-A044-74B7C660FC9B}.Omnibot-Debug|Win32.ActiveCfg = Debug|Win32
		{A16F9DCF-7F32-43AB-A044-74B7C660FC9B}.Omnibot-Debug|Win32.Build.0 = Debug|Win32
		{A16F9DCF-7F32-43AB-A044-74B7C660FC9B}.Omnibot-Release|Win32.ActiveCfg = Release|Win32
		{A16F9DCF-7F32-43AB-A044-74B7C660FC9B}.Omnibot-Release|Win32.Build.0 = Release|Win32
		{A16F9DCF-7F32-43AB-A044-74B7C660FC9B}.Release Dedicated|Win32.ActiveCfg = Release|Win32
		{A16F9DCF-7F32-43AB-A044-74B7C660FC9B}.Release Dedicated|Win32.Build.0 = Release|Win32
		{A16F9DCF-7F32-43AB-A044-74B7C660FC9B}.Release|Win32.ActiveCfg = Release|Win32
		{A16F9DCF-7F32-43AB-A044-74B7C660FC9B}.Release|Win32.Build.0 = Release|Win32
		{E7BAACA8-3530-402D-9C27-947A36926100}.Debug Dedicated|Win32.ActiveCfg = Debug|Win32
		{E7BAACA8-3530-402D-9C27-947A36926100}.Debug Dedicated|Win32.Build.0 = Debug|Win32
		{E7BAACA8-3530-402D-9C27-947A36926100}.Debug|Win32.ActiveCfg = Debug|Win32
		{E7BAACA8-3530-402D-9C27-947A36926100}.Debug|Win32.Build.0 = Debug|Win32
		{E7BAACA8-3530-402D-9C27-947A36926100}.Omnibot-Debug|Win32.ActiveCfg = Debug|Win32
		{E7BAACA8-3530-402D-9C27-947A36926100}.Omnibot-Debug|Win32.Build.0 = Debug|Win32
		{E7BAACA8-3530-402D-9C27-947A36926100}.Omnibot-Release|Win32.ActiveCfg = Release|Win32
		{E7BAACA8-3530-402D-9C27-947A36926100}.Omnibot-Release|Win32.Build.0 = Release|Win32
		{E7BAACA8-3530-402D-9C27-947A36926100}.Release Dedicated|Win32.ActiveCfg = Release|Win32
		{E7BAACA8-3530-402D-9C27-947A36926100}.Release Dedicated|Win32.Build.0 = Release|Win32
		{E7BAACA8-3530-402D-9C27-947A36926100}.Release|Win32.ActiveCfg = Release|Win32
		{E7BAACA8-3530-402D-9C27-947A36926100}.Release|Win32.Build.0 = Release|Win32
		{47A33A98-87A5-4071-8608-3E6BC9EEC29E}.Debug Dedicated|Win32.ActiveCfg = Debug|Win32
		{47A33A98-87A5-4071-8608-3E6BC9EEC29E}.Debug Dedicated|Win32.Build.0 = Debug|Win32
		{47A33A98-87A5-4071-8608-3E6BC9EEC29E}.Debug|Win32.ActiveCfg = Debug|Win32
		{47A33A98-87A5-4071-8608-3E6BC9EEC29E}.Debug|Win32.Build.0 = Debug|Win32
		{47A33A98-87A5-4071-8608-3E6BC9EEC29E}.Omnibot-Debug|Win32.ActiveCfg = Debug|Win32
		{47A33A98-87A5-4071-8608-3E6BC9EEC29E}.Omnibot-Debug|Win32.Build.0 = Debug|Win32
		{47A33A98-87A5-4071-8608-3E6BC9EEC29E}.Omnibot-Release|Win32.ActiveCfg = Release|Win32
		{47A33A98-87A5-4071-8608-3E6BC9EEC29E}.Omnibot-Release|Win32.Build.0 = Release|Win32
		{47A33A98-87A5-4071-8608-3E6BC9EEC29E}.Release Dedicated|Win32.ActiveCfg = Release|Win32
		{47A33A98-87A5-4071-8608-3E6BC9EEC29E}.Release Dedicated|Win32.Build.0 = Release|Win32
		{47A33A98-87A5-4071-8608-3E6BC9EEC29E}.Release|Win32.ActiveCfg = Release|Win32
		{47A33A98-87A5-4071-8608-3E6BC9EEC29E}.Release|Win32.Build.0 = Release|Win32
		{544C7EF5-2A74-4206-8B74-24D4FAD83048}.Debug Dedicated|Win32.ActiveCfg = Debug|Win32
		{544C7EF5-2A74-4206-8B74-24D4FAD83048}.Debug Dedicated|Win32.Build.0 = Debug|Win32
		{544C7EF5-2A74-4206-8B74-24D4FAD83048}.Debug|Win32.ActiveCfg = Debug|Win32
		{544C7EF5-2A74-4206-8B74-24D4FAD83048}.Debug|Win32.Build.0 = Debug|Win32
		{544C7EF5-2A74-4206-8B74-24D4FAD83048}.Omnibot-Debug|Win32.ActiveCfg = Debug|Win32
		{544C7EF5-2A74-4206-8B74-24D4FAD83048}.Omnibot-Debug|Win32.Build.0 = Debug|Win32
		{544C7EF5-2A74-4206-8B74-24D4FAD83048}.Omnibot-Release|Win32.ActiveCfg = Release|Win32
		{544C7EF5-2A74-4206-8B74-24D4FAD83048}.Omnibot-Release|Win32.Build.0 = Release|Win32
		{544C7EF5-2A74-4206-8B74-24D4FAD83048}.Release Dedicated|Win32.ActiveCfg = Release|Win32
		{544C7EF5-2A74-4206-8B74-24D4FAD83048}.Release Dedicated|Win32.Build.0 = Release|Win32
		{544C7EF5-2A74-4206-8B74-24D4FAD83048}.Release|Win32.ActiveCfg = Release|Win32
		{544C7EF5-2A74-4206-8B74-24D4FAD83048}.Release|Win32.Build.0 = Release|Win32
		{64DCBC13-78A6-43E9-931D-B63FBB0421C7}.Debug Dedicated|Win32.ActiveCfg = Debug|Win32
		{64DCBC13-78A6-43E9-931D-B63FBB0421C7}.Debug Dedicated|Win32.Build.0 = Debug|Win32
		{64DCBC13-78A6-43E9-931D-B63FBB0421C7}.Debug|Win32.ActiveCfg = Debug|Win32
		{64DCBC13-78A6-43E9-931D-B63FBB0421C7}.Debug|Win32.Build.0 = Debug|Win32
		{64DCBC13-78A6-43E9-931D-B63FBB0421C7}.Omnibot-Debug|Win32.ActiveCfg = Debug|Win32
		{64DCBC13-78A6-43E9-931D-B63FBB0421C7}.Omnibot-Debug|Win32.Build.0 = Debug|Win32
		{64DCBC13-78A6-43E9-931D-B63FBB0421C7}.Omnibot-Release|Win32.ActiveCfg = Release|Win32
		{64DCBC13-78A6-43E9-931D-B63FBB0421C7}.Omnibot-Release|Win32.Build.0 = Release|Win32
		{64DCBC13-78A6-43E9-931D-B63FBB0421C7}.Release Dedicated|Win32.ActiveCfg = Release|Win32
		{64DCBC13-78A6-43E9-931D-B63FBB0421C7}.Release Dedicated|Win32.Build.0 = Release|Win32
		{64DCBC13-78A6-43E9-931D-B63FBB0421C7}.Release|Win32.ActiveCfg = Release|Win32
		{64DCBC13-78A6-43E9-931D-B63FBB0421C7}.Release|Win32.Build.0 = Release|Win32
		{3ACD01D0-DCF1-46A5-A477-7E8524032A02}.Debug Dedicated|Win32.ActiveCfg = Debug Dedicated|Win32
		{3ACD01D0-DCF1-46A5-A477-7E8524032A02}.Debug Dedicated|Win32.Build.0 = Debug Dedicated|Win32
		{3ACD01D0-DCF1-46A5-A477-7E8524032A02}.Debug|Win32.ActiveCfg = Debug|Win32
		{3ACD01D0-DCF1-46A5-A477-7E8524032A02}.Debug|Win32.Build.0 = Debug|Win32
		{3ACD01D0-DCF1-46A5-A477-7E8524032A02}.Omnibot-Debug|Win32.ActiveCfg = Debug|Win32
		{3ACD01D0-DCF1-46A5-A477-7E8524032A02}.Omnibot-Debug|Win32.Build.0 = Debug|Win32
		{3ACD01D0-DCF1-46A5-A477-7E8524032A02}.Omnibot-Release|Win32.ActiveCfg = Release|Win32
		{3ACD01D0-DCF1-46A5-A477-7E8524032A02}.Omnibot-Release|Win32.Build.0 = Release|Win32
		{3ACD01D0-DCF1-46A5-A477-7E8524032A02}.Release Dedicated|Win32.ActiveCfg = Release Dedicated|Win32
		{3ACD01D0-DCF1-46A5-A477-7E8524032A02}.Release Dedicated|Win32.Build.0 = Release Dedicated|Win32
		{3ACD01D0-DCF1-46A5-A477-7E8524032A02}.Release|Win32.ActiveCfg = Release|Win32
		{3ACD01D0-DCF1-46A5-A477-7E8524032A02}.Release|Win32.Build.0 = Release|Win32
		{87EE9DA4-DE1E-4448-8324-183C98DCA588}.Debug Dedicated|Win32.ActiveCfg = Debug|Win32
		{87EE9DA4-DE1E-4448-8324-183C98DCA588}.Debug Dedicated|Win32.Build.0 = Debug|Win32
		{87EE9DA4-DE1E-4448-8324-183C98DCA588}.Debug|Win32.ActiveCfg = Debug|Win32
		{87EE9DA4-DE1E-4448-8324-183C98DCA588}.Debug|Win32.Build.0 = Debug|Win32
		{87EE9DA4-DE1E-4448-8324-183C98DCA588}.Omnibot-Debug|Win32.ActiveCfg = Debug|Win32
		{87EE9DA4-DE1E-4448-8324-183C98DCA588}.Omnibot-Debug|Win32.Build.0 = Debug|Win32
		{87EE9DA4-DE1E-4448-8324-183C98DCA588}.Omnibot-Release|Win32.ActiveCfg = Release|Win32
		{87EE9DA4-DE1E-4448-8324-183C98DCA588}.Omnibot-Release|Win32.Build.0 = Release|Win32
		{87EE9DA4-DE1E-4448-8324-183C98DCA588}.Release Dedicated|Win32.ActiveCfg = Release|Win32
		{87EE9DA4-DE1E-4448-8324-183C98DCA588}.Release Dedicated|Win32.Build.0 = Release|Win32
		{87EE9DA4-DE1E-4448-8324-183C98DCA588}.Release|Win32.ActiveCfg = Release|Win32
		{87EE9DA4-DE1E-4448-8324-183C98DCA588}.Release|Win32.Build.0 = Release|Win32
		{6CDB0C19-966D-4F5A-807C-4B740129D470}.Debug Dedicated|Win32.ActiveCfg = Debug|Win32
		{6CDB0C19-966D-4F5A-807C-4B740129D470}.Debug Dedicated|Win32.Build.0 = Debug|Win32
		{6CDB0C19-966D-4F5A-807C-4B740129D470}.Debug|Win32.ActiveCfg = Debug|Win32
		{6CDB0C19-966D-4F5A-807C-4B740129D470}.Debug|Win32.Build.0 = Debug|Win32
		{6CDB0C19-966D-4F5A-807C-4B740129D470}.Omnibot-Debug|Win32.ActiveCfg = Debug|Win32
		{6CDB0C19-966D-4F5A-807C-4B740129D470}.Omnibot-Debug|Win32.Build.0 = Debug|Win32
		{6CDB0C19-966D-4F5A-807C-4B740129D470}.Omnibot-Release|Win32.ActiveCfg = Release|Win32
		{6CDB0C19-966D-4F5A-807C-4B740129D470}.Omnibot-Release|Win32.Build.0 = Release|Win32
		{6CDB0C19-966D-4F5A-807C-4B740129D470}.Release Dedicated|Win32.ActiveCfg = Release|Win32
		{6CDB0C19-966D-4F5A-807C-4B740129D470}.Release Dedicated|Win32.Build.0 = Release|Win32
		{6CDB0C19-966D-4F5A-807C-4B740129D470}.Release|Win32.ActiveCfg = Release|Win32
		{6CDB0C19-966D-4F5A-807C-4B740129D470}.Release|Win32.Build.0 = Release|Win32
		{75679567-2347-2877-DD0E-5D10DBB2B49A}.Debug Dedicated|Win32.ActiveCfg = Debug|Win32
		{75679567-2347-2877-DD0E-5D10DBB2B49A}.Debug Dedicated|Win32.Build.0 = Debug|Win32
		{75679567-2347-2877-DD0E-5D10DBB2B49A}.Debug|Win32.ActiveCfg = Debug|Win32
		{75679567-2347-2877-DD0E-5D10DBB2B49A}.Debug|Win32.Build.0 = Debug|Win32
		{75679567-2347-2877-DD0E-5D10DBB2B49A}.Omnibot-Debug|Win32.ActiveCfg = Debug|Win32
		{75679567-2347-2877-DD0E-5D10DBB2B49A}.Omnibot-Debug|Win32.Build.0 = Debug|Win32
		{75679567-2347-2877-DD0E-5D10DBB2B49A}.Omnibot-Release|Win32.ActiveCfg = Release|Win32
		{75679567-2347-2877-DD0E-5D10DBB2B49A}.Omnibot-Release|Win32.Build.0 = Release|Win32
		{75679567-2347-2877-DD0E-5D10DBB2B49A}.Release Dedicated|Win32.ActiveCfg = Release|Win32
		{75679567-2347-2877-DD0E-5D10DBB2B49A}.Release Dedicated|Win32.Build.0 = Release|Win32
		{75679567-2347-2877-DD0E-5D10DBB2B49A}.Release|Win32.ActiveCfg = Release|Win32
		{75679567-2347-2877-DD0E-5D10DBB2B49A}.Release|Win32.Build.0 = Release|Win32
		{8B957133-FCC4-41D4-853B-3D452EB6F680}.Debug Dedicated|Win32.ActiveCfg = Debug|Win32
		{8B957133-FCC4-41D4-853B-3D452EB6F680}.Debug Dedicated|Win32.Build.0 = Debug|Win32
		{8B957133-FCC4-41D4-853B-3D452EB6F680}.Debug|Win32.ActiveCfg = Debug|Win32
		{8B957133-FCC4-41D4-853B-3D452EB6F680}.Debug|Win32.Build.0 = Debug|Win32
		{8B957133-FCC4-41D4-853B-3D452EB6F680}.Omnibot-Debug|Win32.ActiveCfg = Debug|Win32
		{8B957133-FCC4-41D4-853B-3D452EB6F680}.Omnibot-Debug|Win32.Build.0 = Debug|Win32
		{8B957133-FCC4-41D4-853B-3D452EB6F680}.Omnibot-Release|Win32.ActiveCfg = Release|Win32
		{8B957133-FCC4-41D4-853B-3D452EB6F680}.Omnibot-Release|Win32.Build.0 = Release|Win32
		{8B957133-FCC4-41D4-853B-3D452EB6F680}.Release Dedicated|Win32.ActiveCfg = Release|Win32
		{8B957133-FCC4-41D4-853B-3D452EB6F680}.Release Dedicated|Win32.Build.0 = Release|Win32
		{8B957133-FCC4-41D4-853B-3D452EB6F680}.Release|Win32.ActiveCfg = Release|Win32
		{8B957133-FCC4-41D4-853B-3D452EB6F680}.Release|Win32.Build.0 = Release|Win32
		{BFEFBF66-3F7B-425D-910D-77E97FE9D195}.Debug Dedicated|Win32.ActiveCfg = Debug|Win32
		{BFEFBF66-3F7B-425D-910D-77E97FE9D195}.Debug Dedicated|Win32.Build.0 = Debug|Win32
		{BFEFBF66-3F7B-425D-910D-77E97FE9D195}.Debug|Win32.ActiveCfg = Debug|Win32
		{BFEFBF66-3F7B-425D-910D-77E97FE9D195}.Debug|Win32.Build.0 = Debug|Win32
		{BFEFBF66-3F7B-425D-910D-77E97FE9D195}.Omnibot-Debug|Win32.ActiveCfg = Debug|Win32
		{BFEFBF66-3F7B-425D-910D-77E97FE9D195}.Omnibot-Debug|Win32.Build.0 = Debug|Win32
		{BFEFBF66-3F7B-425D-910D-77E97FE9D195}.Omnibot-Release|Win32.ActiveCfg = Release|Win32
		{BFEFBF66-3F7B-425D-910D-77E97FE9D195}.Omnibot-Release|Win32.Build.0 = Release|Win32
		{BFEFBF66-3F7B-425D-910D-77E97FE9D195}.Release Dedicated|Win32.ActiveCfg = Release|Win32
		{BFEFBF66-3F7B-425D-910D-77E97FE9D195}.Release Dedicated|Win32.Build.0 = Release|Win32
		{BFEFBF66-3F7B-425D-910D-77E97FE9D195}.Release|Win32.ActiveCfg = Release|Win32
		{BFEFBF66-3F7B-425D-910D-77E97FE9D195}.Release|Win32.Build.0 = Release|Win32
		{83C8546F-EE2F-49FD-8270-F9773C2F306B}.Debug Dedicated|Win32.ActiveCfg = Debug|Win32
		{83C8546F-EE2F-49FD-8270-F9773C2F306B}.Debug Dedicated|Win32.Build.0 = Debug|Win32
		{83C8546F-EE2F-49FD-8270-F9773C2F306B}.Debug|Win32.ActiveCfg = Debug|Win32
		{83C8546F-EE2F-49FD-8270-F9773C2F306B}.Debug|Win32.Build.0 = Debug|Win32
		{83C8546F-EE2F-49FD-8270-F9773C2F306B}.Omnibot-Debug|Win32.ActiveCfg = Debug|Win32
		{83C8546F-EE2F-49FD-8270-F9773C2F306B}.Omnibot-Debug|Win32.Build.0 = Debug|Win32
		{83C8546F-EE2F-49FD-8270-F9773C2F306B}.Omnibot-Release|Win32.ActiveCfg = Release|Win32
		{83C8546F-EE2F-49FD-8270-F9773C2F306B}.Omnibot-Release|Win32.Build.0 = Release|Win32
		{83C8546F-EE2F-49FD-8270-F9773C2F306B}.Release Dedicated|Win32.ActiveCfg = Release|Win32
		{83C8546F-EE2F-49FD-8270-F9773C2F306B}.Release Dedicated|Win32.Build.0 = Release|Win32
		{83C8546F-EE2F-49FD-8270-F9773C2F306B}.Release|Win32.ActiveCfg = Release|Win32
		{83C8546F-EE2F-49FD-8270-F9773C2F306B}.Release|Win32.Build.0 = Release|Win32
		{51766DAA-98EF-4190-83A1-0A293D36BE93}.Debug Dedicated|Win32.ActiveCfg = Debug|Win32
		{51766DAA-98EF-4190-83A1-0A293D36BE93}.Debug Dedicated|Win32.Build.0 = Debug|Win32
		{51766DAA-98EF-4190-83A1-0A293D36BE93}.Debug|Win32.ActiveCfg = Debug|Win32
		{51766DAA-98EF-4190-83A1-0A293D36BE93}.Debug|Win32.Build.0 = Debug|Win32
		{51766DAA-98EF-4190-83A1-0A293D36BE93}.Omnibot-Debug|Win32.ActiveCfg = Debug|Win32
		{51766DAA-98EF-4190-83A1-0A293D36BE93}.Omnibot-Debug|Win32.Build.0 = Debug|Win32
		{51766DAA-98EF-4190-83A1-0A293D36BE93}.Omnibot-Release|Win32.ActiveCfg = Release|Win32
		{51766DAA-98EF-4190-83A1-0A293D36BE93}.Omnibot-Release|Win32.Build.0 = Release|Win32
		{51766DAA-98EF-4190-83A1-0A293D36BE93}.Release Dedicated|Win32.ActiveCfg = Release|Win32
		{51766DAA-98EF-4190-83A1-0A293D36BE93}.Release Dedicated|Win32.Build.0 = Release|Win32
		{51766DAA-98EF-4190-83A1-0A293D36BE93}.Release|Win32.ActiveCfg = Release|Win32
		{51766DAA-98EF-4190-83A1-0A293D36BE93}.Release|Win32.Build.0 = Release|Win32
		{A2036906-559B-4B99-9379-655B023FFB40}.Debug Dedicated|Win32.ActiveCfg = Debug|Win32
		{A2036906-559B-4B99-9379-655B023FFB40}.Debug Dedicated|Win32.Build.0 = Debug|Win32
		{A2036906-559B-4B99-9379-655B023FFB40}.Debug|Win32.ActiveCfg = Debug|Win32
		{A2036906-559B-4B99-9379-655B023FFB40}.Debug|Win32.Build.0 = Debug|Win32
		{A2036906-559B-4B99-9379-655B023FFB40}.Omnibot-Debug|Win32.ActiveCfg = Debug|Win32
		{A2036906-559B-4B99-9379-655B023FFB40}.Omnibot-Debug|Win32.Build.0 = Debug|Win32
		{A2036906-559B-4B99-9379-655B023FFB40}.Omnibot-Release|Win32.ActiveCfg = Release|Win32
		{A2036906-559B-4B99-9379-655B023FFB40}.Omnibot-Release|Win32.Build.0 = Release|Win32
		{A2036906-559B-4B99-9379-655B023FFB40}.Release Dedicated|Win32.ActiveCfg = Release|Win32
		{A2036906-559B-4B99-9379-655B023FFB40}.Release Dedicated|Win32.Build.0 = Release|Win32
		{A2036906-559B-4B99-9379-655B023FFB40}.Release|Win32.ActiveCfg = Release|Win32
		{A2036906-559B-4B99-9379-655B023FFB40}.Release|Win32.Build.0 = Release|Win32
	EndGlobalSection
	GlobalSection(SolutionProperties) = preSolution
		HideSolutionNode = FALSE
	EndGlobalSection
	GlobalSection(NestedProjects) = preSolution
		{B6842D42-FBA7-4494-A393-802CA7E94351} = {56F6BA89-D703-4F44-BDD8-F8482791C742}
		{4E5F4E34-0E6A-4200-916F-D33805505B54} = {56F6BA89-D703-4F44-BDD8-F8482791C742}
		{A16F9DCF-7F32-43AB-A044-74B7C660FC9B} = {0FAEBA59-61D9-420E-95BC-C423FA14D764}
		{E7BAACA8-3530-402D-9C27-947A36926100} = {56F6BA89-D703-4F44-BDD8-F8482791C742}
		{47A33A98-87A5-4071-8608-3E6BC9EEC29E} = {0FAEBA59-61D9-420E-95BC-C423FA14D764}
		{544C7EF5-2A74-4206-8B74-24D4FAD83048} = {56F6BA89-D703-4F44-BDD8-F8482791C742}
		{64DCBC13-78A6-43E9-931D-B63FBB0421C7} = {0FAEBA59-61D9-420E-95BC-C423FA14D764}
		{3ACD01D0-DCF1-46A5-A477-7E8524032A02} = {56F6BA89-D703-4F44-BDD8-F8482791C742}
		{87EE9DA4-DE1E-4448-8324-183C98DCA588} = {FCEB279E-F604-469A-BEB5-B094F006EBB9}
		{9A34C753-8071-4BCB-B524-E2A0E9038F45} = {0FAEBA59-61D9-420E-95BC-C423FA14D764}
		{5E488D39-AEBB-45FE-9B25-63E9DA28B19A} = {9A34C753-8071-4BCB-B524-E2A0E9038F45}
		{6CDB0C19-966D-4F5A-807C-4B740129D470} = {5FF30B96-C2B1-49E8-BAEB-F4873C524A23}
		{5FF30B96-C2B1-49E8-BAEB-F4873C524A23} = {6C1ADBE3-A275-4248-9F9C-CCCF55DB5E94}
		{36161361-6561-49D1-A303-8F0D87A23137} = {6C1ADBE3-A275-4248-9F9C-CCCF55DB5E94}
		{75679567-2347-2877-DD0E-5D10DBB2B49A} = {36161361-6561-49D1-A303-8F0D87A23137}
		{8BFDD3EA-42CE-4DCD-80C1-0FA453640064} = {6C1ADBE3-A275-4248-9F9C-CCCF55DB5E94}
		{8B957133-FCC4-41D4-853B-3D452EB6F680} = {8BFDD3EA-42CE-4DCD-80C1-0FA453640064}
		{BFEFBF66-3F7B-425D-910D-77E97FE9D195} = {8BFDD3EA-42CE-4DCD-80C1-0FA453640064}
		{83C8546F-EE2F-49FD-8270-F9773C2F306B} = {8BFDD3EA-42CE-4DCD-80C1-0FA453640064}
		{65C653A8-BFF9-4861-8325-8FCCCFBE6803} = {6C1ADBE3-A275-4248-9F9C-CCCF55DB5E94}
		{51766DAA-98EF-4190-83A1-0A293D36BE93} = {65C653A8-BFF9-4861-8325-8FCCCFBE6803}
		{A78EACAD-47AF-4D07-A321-B0EEAFD30D20} = {6C1ADBE3-A275-4248-9F9C-CCCF55DB5E94}
		{A2036906-559B-4B99-9379-655B023FFB40} = {A78EACAD-47AF-4D07-A321-B0EEAFD30D20}
	EndGlobalSection
EndGlobal
